{
    "_readme": [
        "This file locks the dependencies of your project to a known state",
        "Read more about it at https://getcomposer.org/doc/01-basic-usage.md#composer-lock-the-lock-file",
        "This file is @generated automatically"
    ],
    "content-hash": "ce532d589edc965ee09b9d70744ee821",
    "packages": [
        {
            "name": "css-crush/css-crush",
            "version": "v2.4.0",
            "source": {
                "type": "git",
                "url": "https://github.com/peteboere/css-crush.git",
                "reference": "f632d04940d90054efbfe7a6675dc3aa8cac183f"
            },
            "dist": {
                "type": "zip",
                "url": "https://api.github.com/repos/peteboere/css-crush/zipball/f632d04940d90054efbfe7a6675dc3aa8cac183f",
                "reference": "f632d04940d90054efbfe7a6675dc3aa8cac183f",
                "shasum": ""
            },
            "require": {
                "php": ">=5.3.3"
            },
            "require-dev": {
                "phpunit/phpunit": "4.1.*",
                "psr/log": "1.0.*@dev",
                "twig/twig": "1.*"
            },
            "bin": [
                "bin/csscrush"
            ],
            "type": "library",
            "extra": {
                "branch-alias": {
                    "dev-master": "2.3-dev"
                }
            },
            "autoload": {
                "psr-0": {
                    "CssCrush": "lib/"
                },
                "files": [
                    "lib/functions.php"
                ]
            },
            "notification-url": "https://packagist.org/downloads/",
            "license": [
                "MIT"
            ],
            "authors": [
                {
                    "name": "Pete Boere",
                    "email": "pete@the-echoplex.net"
                },
                {
                    "name": "GitHub contributors",
                    "homepage": "https://github.com/peteboere/css-crush/contributors"
                }
            ],
            "description": "CSS preprocessor",
            "homepage": "http://the-echoplex.net/csscrush",
            "keywords": [
                "css",
                "preprocessor"
            ],
            "time": "2015-07-30T08:37:14+00:00"
        },
        {
            "name": "tedivm/jshrink",
            "version": "v1.1.0",
            "source": {
                "type": "git",
                "url": "https://github.com/tedious/JShrink.git",
                "reference": "688527a2e854d7935f24f24c7d5eb1b604742bf9"
            },
            "dist": {
                "type": "zip",
                "url": "https://api.github.com/repos/tedious/JShrink/zipball/688527a2e854d7935f24f24c7d5eb1b604742bf9",
                "reference": "688527a2e854d7935f24f24c7d5eb1b604742bf9",
                "shasum": ""
            },
            "require": {
                "php": ">=5.3.0"
            },
            "require-dev": {
                "fabpot/php-cs-fixer": "0.4.0",
                "phpunit/phpunit": "4.0.*",
                "satooshi/php-coveralls": "dev-master"
            },
            "type": "library",
            "autoload": {
                "psr-0": {
                    "JShrink": "src/"
                }
            },
            "notification-url": "https://packagist.org/downloads/",
            "license": [
                "BSD-3-Clause"
            ],
            "authors": [
                {
                    "name": "Robert Hafner",
                    "email": "tedivm@tedivm.com"
                }
            ],
            "description": "Javascript Minifier built in PHP",
            "homepage": "http://github.com/tedious/JShrink",
            "keywords": [
                "javascript",
                "minifier"
            ],
            "time": "2015-07-04T07:35:09+00:00"
        },
        {
            "name": "tigrez/iexpect",
            "version": "1.1.2",
            "source": {
                "type": "git",
                "url": "https://github.com/LucGeritz/IExpect.git",
                "reference": "cc7ea35a7cf4021e875296ca7e07ad3e6dabfa03"
            },
            "dist": {
                "type": "zip",
                "url": "https://api.github.com/repos/LucGeritz/IExpect/zipball/cc7ea35a7cf4021e875296ca7e07ad3e6dabfa03",
                "reference": "cc7ea35a7cf4021e875296ca7e07ad3e6dabfa03",
                "shasum": ""
            },
            "require": {
                "php": ">=5.3.0"
            },
            "type": "library",
            "autoload": {
                "psr-4": {
                    "Tigrez\\IExpect\\": "src"
                }
            },
            "notification-url": "https://packagist.org/downloads/",
            "license": [
                "MIT"
            ],
            "authors": [
                {
                    "name": "Luc Geritz",
                    "email": "tigrezoft@gmail.com"
                }
            ],
            "description": "A very small unit test library",
            "homepage": "https://github.com/LucGeritz/IExpect",
            "keywords": [
                "test",
                "unit test"
            ],
            "time": "2016-12-04T08:51:55+00:00"
        }
    ],
    "packages-dev": [],
    "aliases": [],
    "minimum-stability": "stable",
    "stability-flags": [],
    "prefer-stable": false,
    "prefer-lowest": false,
    "platform": {
        "php": ">=5.4.0"
    },
    "platform-dev": []
}
